lockfileVersion: '9.0'

settings:
  autoInstallPeers: true
  excludeLinksFromLockfile: false

overrides:
  ioredis: 5.9.3

importers:

  .:
    devDependencies:
      '@types/node':
        specifier: ^20.0.0
        version: 20.19.37
      dotenv-cli:
        specifier: ^7.4.2
        version: 7.4.4
      prettier:
        specifier: ^3.2.0
        version: 3.8.1
      prisma:
        specifier: ^5.14.0
        version: 5.22.0
      tsx:
        specifier: ^4.11.0
        version: 4.21.0
      turbo:
        specifier: ^2.0.0
        version: 2.8.20
      typescript:
        specifier: ^5.4.0
        version: 5.9.3

  apps/ingestion:
    dependencies:
      '@voltledger/db':
        specifier: workspace:*
        version: link:../../packages/db
      '@voltledger/scoring':
        specifier: workspace:*
        version: link:../../packages/scoring
      bullmq:
        specifier: ^5.12.0
        version: 5.71.0
      ioredis:
        specifier: 5.9.3
        version: 5.9.3
      zod:
        specifier: ^3.23.8
        version: 3.25.76
    devDependencies:
      '@types/node':
        specifier: ^20.0.0
        version: 20.19.37
      dotenv-cli:
        specifier: ^7.4.2
        version: 7.4.4
      tsx:
        specifier: ^4.11.0
        version: 4.21.0
      typescript:
        specifier: ^5.4.0
        version: 5.9.3

  packages/db:
    dependencies:
      '@prisma/client':
        specifier: ^5.14.0
        version: 5.22.0(prisma@5.22.0)
    devDependencies:
      '@types/node':
        specifier: ^20.0.0
        version: 20.19.37
      prisma:
        specifier: ^5.14.0
        version: 5.22.0
      tsx:
        specifier: ^4.11.0
        version: 4.21.0
      typescript:
        specifier: ^5.4.0
        version: 5.9.3

  packages/scoring:
    dependencies:
      '@voltledger/db':
        specifier: workspace:*
        version: link:../db
    devDependencies:
      '@types/node':
        specifier: ^20.0.0
        version: 20.19.37
      tsx:
        specifier: ^4.11.0
        version: 4.21.0
      typescript:
        specifier: ^5.4.0
        version: 5.9.3

  packages/types: {}

  tools/synthetic-generator:
    dependencies:
      '@voltledger/db':
        specifier: workspace:*
        version: link:../../packages/db
    devDependencies:
      '@types/node':
        specifier: ^20.0.0
        version: 20.19.37
      tsx:
        specifier: ^4.11.0
        version: 4.21.0
      typescript:
        specifier: ^5.4.0
        version: 5.9.3

packages:

  '@esbuild/aix-ppc64@0.27.4':
    resolution: {integrity: sha512-cQPwL2mp2nSmHHJlCyoXgHGhbEPMrEEU5xhkcy3Hs/O7nGZqEpZ2sUtLaL9MORLtDfRvVl2/3PAuEkYZH0Ty8Q==}
    engines: {node: '>=18'}
    cpu: [ppc64]
    os: [aix]

  '@esbuild/android-arm64@0.27.4':
    resolution: {integrity: sha512-gdLscB7v75wRfu7QSm/zg6Rx29VLdy9eTr2t44sfTW7CxwAtQghZ4ZnqHk3/ogz7xao0QAgrkradbBzcqFPasw==}
    engines: {node: '>=18'}
    cpu: [arm64]
    os: [android]

  '@esbuild/android-arm@0.27.4':
    resolution: {integrity: sha512-X9bUgvxiC8CHAGKYufLIHGXPJWnr0OCdR0anD2e21vdvgCI8lIfqFbnoeOz7lBjdrAGUhqLZLcQo6MLhTO2DKQ==}
    engines: {node: '>=18'}
    cpu: [arm]
    os: [android]

  '@esbuild/android-x64@0.27.4':
    resolution: {integrity: sha512-PzPFnBNVF292sfpfhiyiXCGSn9HZg5BcAz+ivBuSsl6Rk4ga1oEXAamhOXRFyMcjwr2DVtm40G65N3GLeH1Lvw==}
    engines: {node: '>=18'}
    cpu: [x64]
    os: [android]

  '@esbuild/darwin-arm64@0.27.4':
    resolution: {integrity: sha512-b7xaGIwdJlht8ZFCvMkpDN6uiSmnxxK56N2GDTMYPr2/gzvfdQN8rTfBsvVKmIVY/X7EM+/hJKEIbbHs9oA4tQ==}
    engines: {node: '>=18'}
    cpu: [arm64]
    os: [darwin]

  '@esbuild/darwin-x64@0.27.4':
    resolution: {integrity: sha512-sR+OiKLwd15nmCdqpXMnuJ9W2kpy0KigzqScqHI3Hqwr7IXxBp3Yva+yJwoqh7rE8V77tdoheRYataNKL4QrPw==}
    engines: {node: '>=18'}
    cpu: [x64]
    os: [darwin]

  '@esbuild/freebsd-arm64@0.27.4':
    resolution: {integrity: sha512-jnfpKe+p79tCnm4GVav68A7tUFeKQwQyLgESwEAUzyxk/TJr4QdGog9sqWNcUbr/bZt/O/HXouspuQDd9JxFSw==}
    engines: {node: '>=18'}
    cpu: [arm64]
    os: [freebsd]

  '@esbuild/freebsd-x64@0.27.4':
    resolution: {integrity: sha512-2kb4ceA/CpfUrIcTUl1wrP/9ad9Atrp5J94Lq69w7UwOMolPIGrfLSvAKJp0RTvkPPyn6CIWrNy13kyLikZRZQ==}
    engines: {node: '>=18'}
    cpu: [x64]
    os: [freebsd]

  '@esbuild/linux-arm64@0.27.4':
    resolution: {integrity: sha512-7nQOttdzVGth1iz57kxg9uCz57dxQLHWxopL6mYuYthohPKEK0vU0C3O21CcBK6KDlkYVcnDXY099HcCDXd9dA==}
    engines: {node: '>=18'}
    cpu: [arm64]
    os: [linux]

  '@esbuild/linux-arm@0.27.4':
    resolution: {integrity: sha512-aBYgcIxX/wd5n2ys0yESGeYMGF+pv6g0DhZr3G1ZG4jMfruU9Tl1i2Z+Wnj9/KjGz1lTLCcorqE2viePZqj4Eg==}
    engines: {node: '>=18'}
    cpu: [arm]
    os: [linux]

  '@esbuild/linux-ia32@0.27.4':
    resolution: {integrity: sha512-oPtixtAIzgvzYcKBQM/qZ3R+9TEUd1aNJQu0HhGyqtx6oS7qTpvjheIWBbes4+qu1bNlo2V4cbkISr8q6gRBFA==}
    engines: {node: '>=18'}
    cpu: [ia32]
    os: [linux]

  '@esbuild/linux-loong64@0.27.4':
    resolution: {integrity: sha512-8mL/vh8qeCoRcFH2nM8wm5uJP+ZcVYGGayMavi8GmRJjuI3g1v6Z7Ni0JJKAJW+m0EtUuARb6Lmp4hMjzCBWzA==}
    engines: {node: '>=18'}
    cpu: [loong64]
    os: [linux]

  '@esbuild/linux-mips64el@0.27.4':
    resolution: {integrity: sha512-1RdrWFFiiLIW7LQq9Q2NES+HiD4NyT8Itj9AUeCl0IVCA459WnPhREKgwrpaIfTOe+/2rdntisegiPWn/r/aAw==}
    engines: {node: '>=18'}
    cpu: [mips64el]
    os: [linux]

  '@esbuild/linux-ppc64@0.27.4':
    resolution: {integrity: sha512-tLCwNG47l3sd9lpfyx9LAGEGItCUeRCWeAx6x2Jmbav65nAwoPXfewtAdtbtit/pJFLUWOhpv0FpS6GQAmPrHA==}
    engines: {node: '>=18'}
    cpu: [ppc64]
    os: [linux]

  '@esbuild/linux-riscv64@0.27.4':
    resolution: {integrity: sha512-BnASypppbUWyqjd1KIpU4AUBiIhVr6YlHx/cnPgqEkNoVOhHg+YiSVxM1RLfiy4t9cAulbRGTNCKOcqHrEQLIw==}
    engines: {node: '>=18'}
    cpu: [riscv64]
    os: [linux]

  '@esbuild/linux-s390x@0.27.4':
    resolution: {integrity: sha512-+eUqgb/Z7vxVLezG8bVB9SfBie89gMueS+I0xYh2tJdw3vqA/0ImZJ2ROeWwVJN59ihBeZ7Tu92dF/5dy5FttA==}
    engines: {node: '>=18'}
    cpu: [s390x]
    os: [linux]

  '@esbuild/linux-x64@0.27.4':
    resolution: {integrity: sha512-S5qOXrKV8BQEzJPVxAwnryi2+Iq5pB40gTEIT69BQONqR7JH1EPIcQ/Uiv9mCnn05jff9umq/5nqzxlqTOg9NA==}
    engines: {node: '>=18'}
    cpu: [x64]
    os: [linux]

  '@esbuild/netbsd-arm64@0.27.4':
    resolution: {integrity: sha512-xHT8X4sb0GS8qTqiwzHqpY00C95DPAq7nAwX35Ie/s+LO9830hrMd3oX0ZMKLvy7vsonee73x0lmcdOVXFzd6Q==}
    engines: {node: '>=18'}
    cpu: [arm64]
    os: [netbsd]

  '@esbuild/netbsd-x64@0.27.4':
    resolution: {integrity: sha512-RugOvOdXfdyi5Tyv40kgQnI0byv66BFgAqjdgtAKqHoZTbTF2QqfQrFwa7cHEORJf6X2ht+l9ABLMP0dnKYsgg==}
    engines: {node: '>=18'}
    cpu: [x64]
    os: [netbsd]

  '@esbuild/openbsd-arm64@0.27.4':
    resolution: {integrity: sha512-2MyL3IAaTX+1/qP0O1SwskwcwCoOI4kV2IBX1xYnDDqthmq5ArrW94qSIKCAuRraMgPOmG0RDTA74mzYNQA9ow==}
    engines: {node: '>=18'}
    cpu: [arm64]
    os: [openbsd]

  '@esbuild/openbsd-x64@0.27.4':
    resolution: {integrity: sha512-u8fg/jQ5aQDfsnIV6+KwLOf1CmJnfu1ShpwqdwC0uA7ZPwFws55Ngc12vBdeUdnuWoQYx/SOQLGDcdlfXhYmXQ==}
    engines: {node: '>=18'}
    cpu: [x64]
    os: [openbsd]

  '@esbuild/openharmony-arm64@0.27.4':
    resolution: {integrity: sha512-JkTZrl6VbyO8lDQO3yv26nNr2RM2yZzNrNHEsj9bm6dOwwu9OYN28CjzZkH57bh4w0I2F7IodpQvUAEd1mbWXg==}
    engines: {node: '>=18'}
    cpu: [arm64]
    os: [openharmony]

  '@esbuild/sunos-x64@0.27.4':
    resolution: {integrity: sha512-/gOzgaewZJfeJTlsWhvUEmUG4tWEY2Spp5M20INYRg2ZKl9QPO3QEEgPeRtLjEWSW8FilRNacPOg8R1uaYkA6g==}
    engines: {node: '>=18'}
    cpu: [x64]
    os: [sunos]

  '@esbuild/win32-arm64@0.27.4':
    resolution: {integrity: sha512-Z9SExBg2y32smoDQdf1HRwHRt6vAHLXcxD2uGgO/v2jK7Y718Ix4ndsbNMU/+1Qiem9OiOdaqitioZwxivhXYg==}
    engines: {node: '>=18'}
    cpu: [arm64]
    os: [win32]

  '@esbuild/win32-ia32@0.27.4':
    resolution: {integrity: sha512-DAyGLS0Jz5G5iixEbMHi5KdiApqHBWMGzTtMiJ72ZOLhbu/bzxgAe8Ue8CTS3n3HbIUHQz/L51yMdGMeoxXNJw==}
    engines: {node: '>=18'}
    cpu: [ia32]
    os: [win32]

  '@esbuild/win32-x64@0.27.4':
    resolution: {integrity: sha512-+knoa0BDoeXgkNvvV1vvbZX4+hizelrkwmGJBdT17t8FNPwG2lKemmuMZlmaNQ3ws3DKKCxpb4zRZEIp3UxFCg==}
    engines: {node: '>=18'}
    cpu: [x64]
    os: [win32]

  '@ioredis/commands@1.5.0':
    resolution: {integrity: sha512-eUgLqrMf8nJkZxT24JvVRrQya1vZkQh8BBeYNwGDqa5I0VUi8ACx7uFvAaLxintokpTenkK6DASvo/bvNbBGow==}

  '@msgpackr-extract/msgpackr-extract-darwin-arm64@3.0.3':
    resolution: {integrity: sha512-QZHtlVgbAdy2zAqNA9Gu1UpIuI8Xvsd1v8ic6B2pZmeFnFcMWiPLfWXh7TVw4eGEZ/C9TH281KwhVoeQUKbyjw==}
    cpu: [arm64]
    os: [darwin]

  '@msgpackr-extract/msgpackr-extract-darwin-x64@3.0.3':
    resolution: {integrity: sha512-mdzd3AVzYKuUmiWOQ8GNhl64/IoFGol569zNRdkLReh6LRLHOXxU4U8eq0JwaD8iFHdVGqSy4IjFL4reoWCDFw==}
    cpu: [x64]
    os: [darwin]

  '@msgpackr-extract/msgpackr-extract-linux-arm64@3.0.3':
    resolution: {integrity: sha512-YxQL+ax0XqBJDZiKimS2XQaf+2wDGVa1enVRGzEvLLVFeqa5kx2bWbtcSXgsxjQB7nRqqIGFIcLteF/sHeVtQg==}
    cpu: [arm64]
    os: [linux]

  '@msgpackr-extract/msgpackr-extract-linux-arm@3.0.3':
    resolution: {integrity: sha512-fg0uy/dG/nZEXfYilKoRe7yALaNmHoYeIoJuJ7KJ+YyU2bvY8vPv27f7UKhGRpY6euFYqEVhxCFZgAUNQBM3nw==}
    cpu: [arm]
    os: [linux]

  '@msgpackr-extract/msgpackr-extract-linux-x64@3.0.3':
    resolution: {integrity: sha512-cvwNfbP07pKUfq1uH+S6KJ7dT9K8WOE4ZiAcsrSes+UY55E/0jLYc+vq+DO7jlmqRb5zAggExKm0H7O/CBaesg==}
    cpu: [x64]
    os: [linux]

  '@msgpackr-extract/msgpackr-extract-win32-x64@3.0.3':
    resolution: {integrity: sha512-x0fWaQtYp4E6sktbsdAqnehxDgEc/VwM7uLsRCYWaiGu0ykYdZPiS8zCWdnjHwyiumousxfBm4SO31eXqwEZhQ==}
    cpu: [x64]
    os: [win32]

  '@prisma/client@5.22.0':
    resolution: {integrity: sha512-M0SVXfyHnQREBKxCgyo7sffrKttwE6R8PMq330MIUF0pTwjUhLbW84pFDlf06B27XyCR++VtjugEnIHdr07SVA==}
    engines: {node: '>=16.13'}
    peerDependencies:
      prisma: '*'
    peerDependenciesMeta:
      prisma:
        optional: true

  '@prisma/debug@5.22.0':
    resolution: {integrity: sha512-AUt44v3YJeggO2ZU5BkXI7M4hu9BF2zzH2iF2V5pyXT/lRTyWiElZ7It+bRH1EshoMRxHgpYg4VB6rCM+mG5jQ==}

  '@prisma/engines-version@5.22.0-44.605197351a3c8bdd595af2d2a9bc3025bca48ea2':
    resolution: {integrity: sha512-2PTmxFR2yHW/eB3uqWtcgRcgAbG1rwG9ZriSvQw+nnb7c4uCr3RAcGMb6/zfE88SKlC1Nj2ziUvc96Z379mHgQ==}

  '@prisma/engines@5.22.0':
    resolution: {integrity: sha512-UNjfslWhAt06kVL3CjkuYpHAWSO6L4kDCVPegV6itt7nD1kSJavd3vhgAEhjglLJJKEdJ7oIqDJ+yHk6qO8gPA==}

  '@prisma/fetch-engine@5.22.0':
    resolution: {integrity: sha512-bkrD/Mc2fSvkQBV5EpoFcZ87AvOgDxbG99488a5cexp5Ccny+UM6MAe/UFkUC0wLYD9+9befNOqGiIJhhq+HbA==}

  '@prisma/get-platform@5.22.0':
    resolution: {integrity: sha512-pHhpQdr1UPFpt+zFfnPazhulaZYCUqeIcPpJViYoq9R+D/yw4fjE+CtnsnKzPYm0ddUbeXUzjGVGIRVgPDCk4Q==}

  '@turbo/darwin-64@2.8.20':
    resolution: {integrity: sha512-FQ9EX1xMU5nbwjxXxM3yU88AQQ6Sqc6S44exPRroMcx9XZHqqppl5ymJF0Ig/z3nvQNwDmz1Gsnvxubo+nXWjQ==}
    cpu: [x64]
    os: [darwin]

  '@turbo/darwin-arm64@2.8.20':
    resolution: {integrity: sha512-Gpyh9ATFGThD6/s9L95YWY54cizg/VRWl2B67h0yofG8BpHf67DFAh9nuJVKG7bY0+SBJDAo5cMur+wOl9YOYw==}
    cpu: [arm64]
    os: [darwin]

  '@turbo/linux-64@2.8.20':
    resolution: {integrity: sha512-p2QxWUYyYUgUFG0b0kR+pPi8t7c9uaVlRtjTTI1AbCvVqkpjUfCcReBn6DgG/Hu8xrWdKLuyQFaLYFzQskZbcA==}
    cpu: [x64]
    os: [linux]

  '@turbo/linux-arm64@2.8.20':
    resolution: {integrity: sha512-Gn5yjlZGLRZWarLWqdQzv0wMqyBNIdq1QLi48F1oY5Lo9kiohuf7BPQWtWxeNVS2NgJ1+nb/DzK1JduYC4AWOA==}
    cpu: [arm64]
    os: [linux]

  '@turbo/windows-64@2.8.20':
    resolution: {integrity: sha512-vyaDpYk/8T6Qz5V/X+ihKvKFEZFUoC0oxYpC1sZanK6gaESJlmV3cMRT3Qhcg4D2VxvtC2Jjs9IRkrZGL+exLw==}
    cpu: [x64]
    os: [win32]

  '@turbo/windows-arm64@2.8.20':
    resolution: {integrity: sha512-voicVULvUV5yaGXo0Iue13BcHGYW3u0VgqSbfQwBaHbpj1zLjYV4KIe+7fYIo6DO8FVUJzxFps3ODCQG/Wy2Qw==}
    cpu: [arm64]
    os: [win32]

  '@types/node@20.19.37':
    resolution: {integrity: sha512-8kzdPJ3FsNsVIurqBs7oodNnCEVbni9yUEkaHbgptDACOPW04jimGagZ51E6+lXUwJjgnBw+hyko/lkFWCldqw==}

  bullmq@5.71.0:
    resolution: {integrity: sha512-aeNWh4drsafSKnAJeiNH/nZP/5O8ZdtdMbnOPZmpjXj7NZUP5YC901U3bIH41iZValm7d1i3c34ojv7q31m30w==}

  cluster-key-slot@1.1.2:
    resolution: {integrity: sha512-RMr0FhtfXemyinomL4hrWcYJxmX6deFdCxpJzhDttxgO1+bcCnkk+9drydLVDmAMG7NE6aN/fl4F7ucU/90gAA==}
    engines: {node: '>=0.10.0'}

  cron-parser@4.9.0:
    resolution: {integrity: sha512-p0SaNjrHOnQeR8/VnfGbmg9te2kfyYSQ7Sc/j/6DtPL3JQvKxmjO9TSjNFpujqV3vEYYBvNNvXSxzyksBWAx1Q==}
    engines: {node: '>=12.0.0'}

  cross-spawn@7.0.6:
    resolution: {integrity: sha512-uV2QOWP2nWzsy2aMp8aRibhi9dlzF5Hgh5SHaB9OiTGEyDTiJJyx0uy51QXdyWbtAHNua4XJzUKca3OzKUd3vA==}
    engines: {node: '>= 8'}

  debug@4.4.3:
    resolution: {integrity: sha512-RGwwWnwQvkVfavKVt22FGLw+xYSdzARwm0ru6DhTVA3umU5hZc28V3kO4stgYryrTlLpuvgI9GiijltAjNbcqA==}
    engines: {node: '>=6.0'}
    peerDependencies:
      supports-color: '*'
    peerDependenciesMeta:
      supports-color:
        optional: true

  denque@2.1.0:
    resolution: {integrity: sha512-HVQE3AAb/pxF8fQAoiqpvg9i3evqug3hoiwakOyZAwJm+6vZehbkYXZ0l4JxS+I3QxM97v5aaRNhj8v5oBhekw==}
    engines: {node: '>=0.10'}

  detect-libc@2.1.2:
    resolution: {integrity: sha512-Btj2BOOO83o3WyH59e8MgXsxEQVcarkUOpEYrubB0urwnN10yQ364rsiByU11nZlqWYZm05i/of7io4mzihBtQ==}
    engines: {node: '>=8'}

  dotenv-cli@7.4.4:
    resolution: {integrity: sha512-XkBYCG0tPIes+YZr4SpfFv76SQrV/LeCE8CI7JSEMi3VR9MvTihCGTOtbIexD6i2mXF+6px7trb1imVCXSNMDw==}
    hasBin: true

  dotenv-expand@10.0.0:
    resolution: {integrity: sha512-GopVGCpVS1UKH75VKHGuQFqS1Gusej0z4FyQkPdwjil2gNIv+LNsqBlboOzpJFZKVT95GkCyWJbBSdFEFUWI2A==}
    engines: {node: '>=12'}

  dotenv@16.6.1:
    resolution: {integrity: sha512-uBq4egWHTcTt33a72vpSG0z3HnPuIl6NqYcTrKEg2azoEyl2hpW0zqlxysq2pK9HlDIHyHyakeYaYnSAwd8bow==}
    engines: {node: '>=12'}

  esbuild@0.27.4:
    resolution: {integrity: sha512-Rq4vbHnYkK5fws5NF7MYTU68FPRE1ajX7heQ/8QXXWqNgqqJ/GkmmyxIzUnf2Sr/bakf8l54716CcMGHYhMrrQ==}
    engines: {node: '>=18'}
    hasBin: true

  fsevents@2.3.3:
    resolution: {integrity: sha512-5xoDfX+fL7faATnagmWPpbFtwh/R77WmMMqqHGS65C3vvB0YHrgF+B1YmZ3441tMj5n63k0212XNoJwzlhffQw==}
    engines: {node: ^8.16.0 || ^10.6.0 || >=11.0.0}
    os: [darwin]

  get-tsconfig@4.13.7:
    resolution: {integrity: sha512-7tN6rFgBlMgpBML5j8typ92BKFi2sFQvIdpAqLA2beia5avZDrMs0FLZiM5etShWq5irVyGcGMEA1jcDaK7A/Q==}

  ioredis@5.9.3:
    resolution: {integrity: sha512-VI5tMCdeoxZWU5vjHWsiE/Su76JGhBvWF1MJnV9ZtGltHk9BmD48oDq8Tj8haZ85aceXZMxLNDQZRVo5QKNgXA==}
    engines: {node: '>=12.22.0'}

  isexe@2.0.0:
    resolution: {integrity: sha512-RHxMLp9lnKHGHRng9QFhRCMbYAcVpn69smSGcq3f36xjgVVWThj4qqLbTLlq7Ssj8B+fIQ1EuCEGI2lKsyQeIw==}

  lodash.defaults@4.2.0:
    resolution: {integrity: sha512-qjxPLHd3r5DnsdGacqOMU6pb/avJzdh9tFX2ymgoZE27BmjXrNy/y4LoaiTeAb+O3gL8AfpJGtqfX/ae2leYYQ==}

  lodash.isarguments@3.1.0:
    resolution: {integrity: sha512-chi4NHZlZqZD18a0imDHnZPrDeBbTtVN7GXMwuGdRH9qotxAjYs3aVLKc7zNOG9eddR5Ksd8rvFEBc9SsggPpg==}

  luxon@3.7.2:
    resolution: {integrity: sha512-vtEhXh/gNjI9Yg1u4jX/0YVPMvxzHuGgCm6tC5kZyb08yjGWGnqAjGJvcXbqQR2P3MyMEFnRbpcdFS6PBcLqew==}
    engines: {node: '>=12'}

  minimist@1.2.8:
    resolution: {integrity: sha512-2yyAR8qBkN3YuheJanUpWC5U3bb5osDywNB8RzDVlDwDHbocAJveqqj1u8+SVD7jkWT4yvsHCpWqqWqAxb0zCA==}

  ms@2.1.3:
    resolution: {integrity: sha512-6FlzubTLZG3J2a/NVCAleEhjzq5oxgHyaCU9yYXvcLsvoVaHJq/s5xXI6/XXP6tz7R9xAOtHnSO/tXtF3WRTlA==}

  msgpackr-extract@3.0.3:
    resolution: {integrity: sha512-P0efT1C9jIdVRefqjzOQ9Xml57zpOXnIuS+csaB4MdZbTdmGDLo8XhzBG1N7aO11gKDDkJvBLULeFTo46wwreA==}
    hasBin: true

  msgpackr@1.11.5:
    resolution: {integrity: sha512-UjkUHN0yqp9RWKy0Lplhh+wlpdt9oQBYgULZOiFhV3VclSF1JnSQWZ5r9gORQlNYaUKQoR8itv7g7z1xDDuACA==}

  node-abort-controller@3.1.1:
    resolution: {integrity: sha512-AGK2yQKIjRuqnc6VkX2Xj5d+QW8xZ87pa1UK6yA6ouUyuxfHuMP6umE5QK7UmTeOAymo+Zx1Fxiuw9rVx8taHQ==}

  node-gyp-build-optional-packages@5.2.2:
    resolution: {integrity: sha512-s+w+rBWnpTMwSFbaE0UXsRlg7hU4FjekKU4eyAih5T8nJuNZT1nNsskXpxmeqSK9UzkBl6UgRlnKc8hz8IEqOw==}
    hasBin: true

  path-key@3.1.1:
    resolution: {integrity: sha512-ojmeN0qd+y0jszEtoY48r0Peq5dwMEkIlCOu6Q5f41lfkswXuKtYrhgoTpLnyIcHm24Uhqx+5Tqm2InSwLhE6Q==}
    engines: {node: '>=8'}

  prettier@3.8.1:
    resolution: {integrity: sha512-UOnG6LftzbdaHZcKoPFtOcCKztrQ57WkHDeRD9t/PTQtmT0NHSeWWepj6pS0z/N7+08BHFDQVUrfmfMRcZwbMg==}
    engines: {node: '>=14'}
    hasBin: true

  prisma@5.22.0:
    resolution: {integrity: sha512-vtpjW3XuYCSnMsNVBjLMNkTj6OZbudcPPTPYHqX0CJfpcdWciI1dM8uHETwmDxxiqEwCIE6WvXucWUetJgfu/A==}
    engines: {node: '>=16.13'}
    hasBin: true

  redis-errors@1.2.0:
    resolution: {integrity: sha512-1qny3OExCf0UvUV/5wpYKf2YwPcOqXzkwKKSmKHiE6ZMQs5heeE/c8eXK+PNllPvmjgAbfnsbpkGZWy8cBpn9w==}
    engines: {node: '>=4'}

  redis-parser@3.0.0:
    resolution: {integrity: sha512-DJnGAeenTdpMEH6uAJRK/uiyEIH9WVsUmoLwzudwGJUwZPp80PDBWPHXSAGNPwNvIXAbe7MSUB1zQFugFml66A==}
    engines: {node: '>=4'}

  resolve-pkg-maps@1.0.0:
    resolution: {integrity: sha512-seS2Tj26TBVOC2NIc2rOe2y2ZO7efxITtLZcGSOnHHNOQ7CkiUBfw0Iw2ck6xkIhPwLhKNLS8BO+hEpngQlqzw==}

  semver@7.7.4:
    resolution: {integrity: sha512-vFKC2IEtQnVhpT78h1Yp8wzwrf8CM+MzKMHGJZfBtzhZNycRFnXsHk6E5TxIkkMsgNS7mdX3AGB7x2QM2di4lA==}
    engines: {node: '>=10'}
    hasBin: true

  shebang-command@2.0.0:
    resolution: {integrity: sha512-kHxr2zZpYtdmrN1qDjrrX/Z1rR1kG8Dx+gkpK1G4eXmvXswmcE1hTWBWYUzlraYw1/yZp6YuDY77YtvbN0dmDA==}
    engines: {node: '>=8'}

  shebang-regex@3.0.0:
    resolution: {integrity: sha512-7++dFhtcx3353uBaq8DDR4NuxBetBzC7ZQOhmTQInHEd6bSrXdiEyzCvG07Z44UYdLShWUyXt5M/yhz8ekcb1A==}
    engines: {node: '>=8'}

  standard-as-callback@2.1.0:
    resolution: {integrity: sha512-qoRRSyROncaz1z0mvYqIE4lCd9p2R90i6GxW3uZv5ucSu8tU7B5HXUP1gG8pVZsYNVaXjk8ClXHPttLyxAL48A==}

  tslib@2.8.1:
    resolution: {integrity: sha512-oJFu94HQb+KVduSUQL7wnpmqnfmLsOA/nAh6b6EH0wCEoK0/mPeXU6c3wKDV83MkOuHPRHtSXKKU99IBazS/2w==}

  tsx@4.21.0:
    resolution: {integrity: sha512-5C1sg4USs1lfG0GFb2RLXsdpXqBSEhAaA/0kPL01wxzpMqLILNxIxIOKiILz+cdg/pLnOUxFYOR5yhHU666wbw==}
    engines: {node: '>=18.0.0'}
    hasBin: true

  turbo@2.8.20:
    resolution: {integrity: sha512-Rb4qk5YT8RUwwdXtkLpkVhNEe/lor6+WV7S5tTlLpxSz6MjV5Qi8jGNn4gS6NAvrYGA/rNrE6YUQM85sCZUDbQ==}
    hasBin: true

  typescript@5.9.3:
    resolution: {integrity: sha512-jl1vZzPDinLr9eUt3J/t7V6FgNEw9QjvBPdysz9KfQDD41fQrC2Y4vKQdiaUpFT4bXlb1RHhLpp8wtm6M5TgSw==}
    engines: {node: '>=14.17'}
    hasBin: true

  undici-types@6.21.0:
    resolution: {integrity: sha512-iwDZqg0QAGrg9Rav5H4n0M64c3mkR59cJ6wQp+7C4nI0gsmExaedaYLNO44eT4AtBBwjbTiGPMlt2Md0T9H9JQ==}

  uuid@11.1.0:
    resolution: {integrity: sha512-0/A9rDy9P7cJ+8w1c9WD9V//9Wj15Ce2MPz8Ri6032usz+NfePxx5AcN3bN+r6ZL6jEo066/yNYB3tn4pQEx+A==}
    hasBin: true

  which@2.0.2:
    resolution: {integrity: sha512-BLI3Tl1TW3Pvl70l3yq3Y64i+awpwXqsGBYWkkqMtnbXgrMD+yj7rhW0kuEDxzJaYXGjEW5ogapKNMEKNMjibA==}
    engines: {node: '>= 8'}
    hasBin: true

  zod@3.25.76:
    resolution: {integrity: sha512-gzUt/qt81nXsFGKIFcC3YnfEAx5NkunCfnDlvuBSSFS02bcXu4Lmea0AFIUwbLWxWPx3d9p8S5QoaujKcNQxcQ==}

snapshots:

  '@esbuild/aix-ppc64@0.27.4':
    optional: true

  '@esbuild/android-arm64@0.27.4':
    optional: true

  '@esbuild/android-arm@0.27.4':
    optional: true

  '@esbuild/android-x64@0.27.4':
    optional: true

  '@esbuild/darwin-arm64@0.27.4':
    optional: true

  '@esbuild/darwin-x64@0.27.4':
    optional: true

  '@esbuild/freebsd-arm64@0.27.4':
    optional: true

  '@esbuild/freebsd-x64@0.27.4':
    optional: true

  '@esbuild/linux-arm64@0.27.4':
    optional: true

  '@esbuild/linux-arm@0.27.4':
    optional: true

  '@esbuild/linux-ia32@0.27.4':
    optional: true

  '@esbuild/linux-loong64@0.27.4':
    optional: true

  '@esbuild/linux-mips64el@0.27.4':
    optional: true

  '@esbuild/linux-ppc64@0.27.4':
    optional: true

  '@esbuild/linux-riscv64@0.27.4':
    optional: true

  '@esbuild/linux-s390x@0.27.4':
    optional: true

  '@esbuild/linux-x64@0.27.4':
    optional: true

  '@esbuild/netbsd-arm64@0.27.4':
    optional: true

  '@esbuild/netbsd-x64@0.27.4':
    optional: true

  '@esbuild/openbsd-arm64@0.27.4':
    optional: true

  '@esbuild/openbsd-x64@0.27.4':
    optional: true

  '@esbuild/openharmony-arm64@0.27.4':
    optional: true

  '@esbuild/sunos-x64@0.27.4':
    optional: true

  '@esbuild/win32-arm64@0.27.4':
    optional: true

  '@esbuild/win32-ia32@0.27.4':
    optional: true

  '@esbuild/win32-x64@0.27.4':
    optional: true

  '@ioredis/commands@1.5.0': {}

  '@msgpackr-extract/msgpackr-extract-darwin-arm64@3.0.3':
    optional: true

  '@msgpackr-extract/msgpackr-extract-darwin-x64@3.0.3':
    optional: true

  '@msgpackr-extract/msgpackr-extract-linux-arm64@3.0.3':
    optional: true

  '@msgpackr-extract/msgpackr-extract-linux-arm@3.0.3':
    optional: true

  '@msgpackr-extract/msgpackr-extract-linux-x64@3.0.3':
    optional: true

  '@msgpackr-extract/msgpackr-extract-win32-x64@3.0.3':
    optional: true

  '@prisma/client@5.22.0(prisma@5.22.0)':
    optionalDependencies:
      prisma: 5.22.0

  '@prisma/debug@5.22.0': {}

  '@prisma/engines-version@5.22.0-44.605197351a3c8bdd595af2d2a9bc3025bca48ea2': {}

  '@prisma/engines@5.22.0':
    dependencies:
      '@prisma/debug': 5.22.0
      '@prisma/engines-version': 5.22.0-44.605197351a3c8bdd595af2d2a9bc3025bca48ea2
      '@prisma/fetch-engine': 5.22.0
      '@prisma/get-platform': 5.22.0

  '@prisma/fetch-engine@5.22.0':
    dependencies:
      '@prisma/debug': 5.22.0
      '@prisma/engines-version': 5.22.0-44.605197351a3c8bdd595af2d2a9bc3025bca48ea2
      '@prisma/get-platform': 5.22.0

  '@prisma/get-platform@5.22.0':
    dependencies:
      '@prisma/debug': 5.22.0

  '@turbo/darwin-64@2.8.20':
    optional: true

  '@turbo/darwin-arm64@2.8.20':
    optional: true

  '@turbo/linux-64@2.8.20':
    optional: true

  '@turbo/linux-arm64@2.8.20':
    optional: true

  '@turbo/windows-64@2.8.20':
    optional: true

  '@turbo/windows-arm64@2.8.20':
    optional: true

  '@types/node@20.19.37':
    dependencies:
      undici-types: 6.21.0

  bullmq@5.71.0:
    dependencies:
      cron-parser: 4.9.0
      ioredis: 5.9.3
      msgpackr: 1.11.5
      node-abort-controller: 3.1.1
      semver: 7.7.4
      tslib: 2.8.1
      uuid: 11.1.0
    transitivePeerDependencies:
      - supports-color

  cluster-key-slot@1.1.2: {}

  cron-parser@4.9.0:
    dependencies:
      luxon: 3.7.2

  cross-spawn@7.0.6:
    dependencies:
      path-key: 3.1.1
      shebang-command: 2.0.0
      which: 2.0.2

  debug@4.4.3:
    dependencies:
      ms: 2.1.3

  denque@2.1.0: {}

  detect-libc@2.1.2:
    optional: true

  dotenv-cli@7.4.4:
    dependencies:
      cross-spawn: 7.0.6
      dotenv: 16.6.1
      dotenv-expand: 10.0.0
      minimist: 1.2.8

  dotenv-expand@10.0.0: {}

  dotenv@16.6.1: {}

  esbuild@0.27.4:
    optionalDependencies:
      '@esbuild/aix-ppc64': 0.27.4
      '@esbuild/android-arm': 0.27.4
      '@esbuild/android-arm64': 0.27.4
      '@esbuild/android-x64': 0.27.4
      '@esbuild/darwin-arm64': 0.27.4
      '@esbuild/darwin-x64': 0.27.4
      '@esbuild/freebsd-arm64': 0.27.4
      '@esbuild/freebsd-x64': 0.27.4
      '@esbuild/linux-arm': 0.27.4
      '@esbuild/linux-arm64': 0.27.4
      '@esbuild/linux-ia32': 0.27.4
      '@esbuild/linux-loong64': 0.27.4
      '@esbuild/linux-mips64el': 0.27.4
      '@esbuild/linux-ppc64': 0.27.4
      '@esbuild/linux-riscv64': 0.27.4
      '@esbuild/linux-s390x': 0.27.4
      '@esbuild/linux-x64': 0.27.4
      '@esbuild/netbsd-arm64': 0.27.4
      '@esbuild/netbsd-x64': 0.27.4
      '@esbuild/openbsd-arm64': 0.27.4
      '@esbuild/openbsd-x64': 0.27.4
      '@esbuild/openharmony-arm64': 0.27.4
      '@esbuild/sunos-x64': 0.27.4
      '@esbuild/win32-arm64': 0.27.4
      '@esbuild/win32-ia32': 0.27.4
      '@esbuild/win32-x64': 0.27.4

  fsevents@2.3.3:
    optional: true

  get-tsconfig@4.13.7:
    dependencies:
      resolve-pkg-maps: 1.0.0

  ioredis@5.9.3:
    dependencies:
      '@ioredis/commands': 1.5.0
      cluster-key-slot: 1.1.2
      debug: 4.4.3
      denque: 2.1.0
      lodash.defaults: 4.2.0
      lodash.isarguments: 3.1.0
      redis-errors: 1.2.0
      redis-parser: 3.0.0
      standard-as-callback: 2.1.0
    transitivePeerDependencies:
      - supports-color

  isexe@2.0.0: {}

  lodash.defaults@4.2.0: {}

  lodash.isarguments@3.1.0: {}

  luxon@3.7.2: {}

  minimist@1.2.8: {}

  ms@2.1.3: {}

  msgpackr-extract@3.0.3:
    dependencies:
      node-gyp-build-optional-packages: 5.2.2
    optionalDependencies:
      '@msgpackr-extract/msgpackr-extract-darwin-arm64': 3.0.3
      '@msgpackr-extract/msgpackr-extract-darwin-x64': 3.0.3
      '@msgpackr-extract/msgpackr-extract-linux-arm': 3.0.3
      '@msgpackr-extract/msgpackr-extract-linux-arm64': 3.0.3
      '@msgpackr-extract/msgpackr-extract-linux-x64': 3.0.3
      '@msgpackr-extract/msgpackr-extract-win32-x64': 3.0.3
    optional: true

  msgpackr@1.11.5:
    optionalDependencies:
      msgpackr-extract: 3.0.3

  node-abort-controller@3.1.1: {}

  node-gyp-build-optional-packages@5.2.2:
    dependencies:
      detect-libc: 2.1.2
    optional: true

  path-key@3.1.1: {}

  prettier@3.8.1: {}

  prisma@5.22.0:
    dependencies:
      '@prisma/engines': 5.22.0
    optionalDependencies:
      fsevents: 2.3.3

  redis-errors@1.2.0: {}

  redis-parser@3.0.0:
    dependencies:
      redis-errors: 1.2.0

  resolve-pkg-maps@1.0.0: {}

  semver@7.7.4: {}

  shebang-command@2.0.0:
    dependencies:
      shebang-regex: 3.0.0

  shebang-regex@3.0.0: {}

  standard-as-callback@2.1.0: {}

  tslib@2.8.1: {}

  tsx@4.21.0:
    dependencies:
      esbuild: 0.27.4
      get-tsconfig: 4.13.7
    optionalDependencies:
      fsevents: 2.3.3

  turbo@2.8.20:
    optionalDependencies:
      '@turbo/darwin-64': 2.8.20
      '@turbo/darwin-arm64': 2.8.20
      '@turbo/linux-64': 2.8.20
      '@turbo/linux-arm64': 2.8.20
      '@turbo/windows-64': 2.8.20
      '@turbo/windows-arm64': 2.8.20

  typescript@5.9.3: {}

  undici-types@6.21.0: {}

  uuid@11.1.0: {}

  which@2.0.2:
    dependencies:
      isexe: 2.0.0

  zod@3.25.76: {}
